// !$*UTF8*$!
{
	archiveVersion = 1;
	classes = {
	};
	objectVersion = 50;
	objects = {

/* Begin PBXBuildFile section */
		2C74314F2408A8940057D948 /* bgm.mp3 in Resources */ = {isa = PBXBuildFile; fileRef = 2C74314E2408A8930057D948 /* bgm.mp3 */; };
		2C7431512408AB070057D948 /* bgm1.mp3 in Resources */ = {isa = PBXBuildFile; fileRef = 2C7431502408AB060057D948 /* bgm1.mp3 */; };
		2C8BA91824067F3C0012022B /* AppDelegate.m in Sources */ = {isa = PBXBuildFile; fileRef = 2C8BA91724067F3C0012022B /* AppDelegate.m */; };
		2C8BA92224067F3C0012022B /* GameViewController.m in Sources */ = {isa = PBXBuildFile; fileRef = 2C8BA92124067F3C0012022B /* GameViewController.m */; };
		2C8BA92524067F3C0012022B /* Main.storyboard in Resources */ = {isa = PBXBuildFile; fileRef = 2C8BA92324067F3C0012022B /* Main.storyboard */; };
		2C8BA92724067F410012022B /* Assets.xcassets in Resources */ = {isa = PBXBuildFile; fileRef = 2C8BA92624067F410012022B /* Assets.xcassets */; };
		2C8BA92A24067F410012022B /* LaunchScreen.storyboard in Resources */ = {isa = PBXBuildFile; fileRef = 2C8BA92824067F410012022B /* LaunchScreen.storyboard */; };
		2C8BA92D24067F410012022B /* main.m in Sources */ = {isa = PBXBuildFile; fileRef = 2C8BA92C24067F410012022B /* main.m */; };
		2C8BA9352406851D0012022B /* MenuScene.m in Sources */ = {isa = PBXBuildFile; fileRef = 2C8BA9342406851D0012022B /* MenuScene.m */; };
		2C8BA93824069C9F0012022B /* GameScene.m in Sources */ = {isa = PBXBuildFile; fileRef = 2C8BA93724069C9F0012022B /* GameScene.m */; };
		CCA5DD6F241A1BA50044E0AE /* libxml2.tbd in Frameworks */ = {isa = PBXBuildFile; fileRef = CCA5DD6E241A1B230044E0AE /* libxml2.tbd */; };
		CCA5DD81241A23A60044E0AE /* TFHpple.m in Sources */ = {isa = PBXBuildFile; fileRef = CCA5DD7C241A23A60044E0AE /* TFHpple.m */; };
		CCA5DD82241A23A60044E0AE /* TFHppleElement.m in Sources */ = {isa = PBXBuildFile; fileRef = CCA5DD7F241A23A60044E0AE /* TFHppleElement.m */; };
		CCA5DD83241A23A60044E0AE /* XPathQuery.m in Sources */ = {isa = PBXBuildFile; fileRef = CCA5DD80241A23A60044E0AE /* XPathQuery.m */; };
/* End PBXBuildFile section */

/* Begin PBXFileReference section */
		2C74314E2408A8930057D948 /* bgm.mp3 */ = {isa = PBXFileReference; lastKnownFileType = audio.mp3; path = bgm.mp3; sourceTree = "<group>"; };
		2C7431502408AB060057D948 /* bgm1.mp3 */ = {isa = PBXFileReference; lastKnownFileType = audio.mp3; path = bgm1.mp3; sourceTree = "<group>"; };
		2C8BA91324067F3C0012022B /* 凡人修仙2020.app */ = {isa = PBXFileReference; explicitFileType = wrapper.application; includeInIndex = 0; path = "凡人修仙2020.app"; sourceTree = BUILT_PRODUCTS_DIR; };
		2C8BA91624067F3C0012022B /* AppDelegate.h */ = {isa = PBXFileReference; lastKnownFileType = sourcecode.c.h; path = AppDelegate.h; sourceTree = "<group>"; };
		2C8BA91724067F3C0012022B /* AppDelegate.m */ = {isa = PBXFileReference; lastKnownFileType = sourcecode.c.objc; path = AppDelegate.m; sourceTree = "<group>"; };
		2C8BA92024067F3C0012022B /* GameViewController.h */ = {isa = PBXFileReference; lastKnownFileType = sourcecode.c.h; path = GameViewController.h; sourceTree = "<group>"; };
		2C8BA92124067F3C0012022B /* GameViewController.m */ = {isa = PBXFileReference; lastKnownFileType = sourcecode.c.objc; path = GameViewController.m; sourceTree = "<group>"; };
		2C8BA92424067F3C0012022B /* Base */ = {isa = PBXFileReference; lastKnownFileType = file.storyboard; name = Base; path = Base.lproj/Main.storyboard; sourceTree = "<group>"; };
		2C8BA92624067F410012022B /* Assets.xcassets */ = {isa = PBXFileReference; lastKnownFileType = folder.assetcatalog; path = Assets.xcassets; sourceTree = "<group>"; };
		2C8BA92924067F410012022B /* Base */ = {isa = PBXFileReference; lastKnownFileType = file.storyboard; name = Base; path = Base.lproj/LaunchScreen.storyboard; sourceTree = "<group>"; };
		2C8BA92B24067F410012022B /* Info.plist */ = {isa = PBXFileReference; lastKnownFileType = text.plist.xml; path = Info.plist; sourceTree = "<group>"; };
		2C8BA92C24067F410012022B /* main.m */ = {isa = PBXFileReference; lastKnownFileType = sourcecode.c.objc; path = main.m; sourceTree = "<group>"; };
		2C8BA9332406851D0012022B /* MenuScene.h */ = {isa = PBXFileReference; lastKnownFileType = sourcecode.c.h; path = MenuScene.h; sourceTree = "<group>"; };
		2C8BA9342406851D0012022B /* MenuScene.m */ = {isa = PBXFileReference; lastKnownFileType = sourcecode.c.objc; path = MenuScene.m; sourceTree = "<group>"; };
		2C8BA93624069C9F0012022B /* GameScene.h */ = {isa = PBXFileReference; lastKnownFileType = sourcecode.c.h; path = GameScene.h; sourceTree = "<group>"; };
		2C8BA93724069C9F0012022B /* GameScene.m */ = {isa = PBXFileReference; lastKnownFileType = sourcecode.c.objc; path = GameScene.m; sourceTree = "<group>"; };
		CCA5DD6E241A1B230044E0AE /* libxml2.tbd */ = {isa = PBXFileReference; lastKnownFileType = "sourcecode.text-based-dylib-definition"; name = libxml2.tbd; path = usr/lib/libxml2.tbd; sourceTree = SDKROOT; };
		CCA5DD7B241A23A60044E0AE /* TFHppleElement.h */ = {isa = PBXFileReference; fileEncoding = 4; lastKnownFileType = sourcecode.c.h; path = TFHppleElement.h; sourceTree = "<group>"; };
		CCA5DD7C241A23A60044E0AE /* TFHpple.m */ = {isa = PBXFileReference; fileEncoding = 4; lastKnownFileType = sourcecode.c.objc; path = TFHpple.m; sourceTree = "<group>"; };
		CCA5DD7D241A23A60044E0AE /* XPathQuery.h */ = {isa = PBXFileReference; fileEncoding = 4; lastKnownFileType = sourcecode.c.h; path = XPathQuery.h; sourceTree = "<group>"; };
		CCA5DD7E241A23A60044E0AE /* TFHpple.h */ = {isa = PBXFileReference; fileEncoding = 4; lastKnownFileType = sourcecode.c.h; path = TFHpple.h; sourceTree = "<group>"; };
		CCA5DD7F241A23A60044E0AE /* TFHppleElement.m */ = {isa = PBXFileReference; fileEncoding = 4; lastKnownFileType = sourcecode.c.objc; path = TFHppleElement.m; sourceTree = "<group>"; };
		CCA5DD80241A23A60044E0AE /* XPathQuery.m */ = {isa = PBXFileReference; fileEncoding = 4; lastKnownFileType = sourcecode.c.objc; path = XPathQuery.m; sourceTree = "<group>"; };
/* End PBXFileReference section */

/* Begin PBXFrameworksBuildPhase section */
		2C8BA91024067F3C0012022B /* Frameworks */ = {
			isa = PBXFrameworksBuildPhase;
			buildActionMask = 2147483647;
			files = (
				CCA5DD6F241A1BA50044E0AE /* libxml2.tbd in Frameworks */,
			);
			runOnlyForDeploymentPostprocessing = 0;
		};
/* End PBXFrameworksBuildPhase section */

/* Begin PBXGroup section */
		2C8BA90A24067F3C0012022B = {
			isa = PBXGroup;
			children = (
				2C8BA91524067F3C0012022B /* ShootGame */,
				2C8BA91424067F3C0012022B /* Products */,
				CCA5DD6D241A1B230044E0AE /* Frameworks */,
			);
			sourceTree = "<group>";
		};
		2C8BA91424067F3C0012022B /* Products */ = {
			isa = PBXGroup;
			children = (
				2C8BA91324067F3C0012022B /* 凡人修仙2020.app */,
			);
			name = Products;
			sourceTree = "<group>";
		};
		2C8BA91524067F3C0012022B /* ShootGame */ = {
			isa = PBXGroup;
			children = (
				CCA5DD7A241A23A60044E0AE /* Classess */,
				2C7431502408AB060057D948 /* bgm1.mp3 */,
				2C74314E2408A8930057D948 /* bgm.mp3 */,
				2C8BA91624067F3C0012022B /* AppDelegate.h */,
				2C8BA91724067F3C0012022B /* AppDelegate.m */,
				2C8BA92024067F3C0012022B /* GameViewController.h */,
				2C8BA92124067F3C0012022B /* GameViewController.m */,
				2C8BA9332406851D0012022B /* MenuScene.h */,
				2C8BA9342406851D0012022B /* MenuScene.m */,
				2C8BA92324067F3C0012022B /* Main.storyboard */,
				2C8BA92624067F410012022B /* Assets.xcassets */,
				2C8BA92824067F410012022B /* LaunchScreen.storyboard */,
				2C8BA92B24067F410012022B /* Info.plist */,
				2C8BA92C24067F410012022B /* main.m */,
				2C8BA93624069C9F0012022B /* GameScene.h */,
				2C8BA93724069C9F0012022B /* GameScene.m */,
			);
			path = ShootGame;
			sourceTree = "<group>";
		};
		CCA5DD6D241A1B230044E0AE /* Frameworks */ = {
			isa = PBXGroup;
			children = (
				CCA5DD6E241A1B230044E0AE /* libxml2.tbd */,
			);
			name = Frameworks;
			sourceTree = "<group>";
		};
		CCA5DD7A241A23A60044E0AE /* Classess */ = {
			isa = PBXGroup;
			children = (
				CCA5DD7B241A23A60044E0AE /* TFHppleElement.h */,
				CCA5DD7F241A23A60044E0AE /* TFHppleElement.m */,
				CCA5DD7D241A23A60044E0AE /* XPathQuery.h */,
				CCA5DD80241A23A60044E0AE /* XPathQuery.m */,
				CCA5DD7E241A23A60044E0AE /* TFHpple.h */,
				CCA5DD7C241A23A60044E0AE /* TFHpple.m */,
			);
			path = Classess;
			sourceTree = "<group>";
		};
/* End PBXGroup section */

/* Begin PBXNativeTarget section */
		2C8BA91224067F3C0012022B /* ShootGame */ = {
			isa = PBXNativeTarget;
			buildConfigurationList = 2C8BA93024067F410012022B /* Build configuration list for PBXNativeTarget "ShootGame" */;
			buildPhases = (
				2C8BA90F24067F3C0012022B /* Sources */,
				2C8BA91024067F3C0012022B /* Frameworks */,
				2C8BA91124067F3C0012022B /* Resources */,
			);
			buildRules = (
			);
			dependencies = (
			);
			name = ShootGame;
			productName = ShootGame;
			productReference = 2C8BA91324067F3C0012022B /* 凡人修仙2020.app */;
			productType = "com.apple.product-type.application";
		};
/* End PBXNativeTarget section */

/* Begin PBXProject section */
		2C8BA90B24067F3C0012022B /* Project object */ = {
			isa = PBXProject;
			attributes = {
				LastUpgradeCheck = 1130;
				ORGANIZATIONNAME = linlufeng;
				TargetAttributes = {
					2C8BA91224067F3C0012022B = {
						CreatedOnToolsVersion = 11.3;
					};
				};
			};
			buildConfigurationList = 2C8BA90E24067F3C0012022B /* Build configuration list for PBXProject "ShootGame" */;
			compatibilityVersion = "Xcode 9.3";
			developmentRegion = en;
			hasScannedForEncodings = 0;
			knownRegions = (
				en,
				Base,
			);
			mainGroup = 2C8BA90A24067F3C0012022B;
			productRefGroup = 2C8BA91424067F3C0012022B /* Products */;
			projectDirPath = "";
			projectRoot = "";
			targets = (
				2C8BA91224067F3C0012022B /* ShootGame */,
			);
		};
/* End PBXProject section */

/* Begin PBXResourcesBuildPhase section */
		2C8BA91124067F3C0012022B /* Resources */ = {
			isa = PBXResourcesBuildPhase;
			buildActionMask = 2147483647;
			files = (
				2C8BA92524067F3C0012022B /* Main.storyboard in Resources */,
				2C7431512408AB070057D948 /* bgm1.mp3 in Resources */,
				2C8BA92724067F410012022B /* Assets.xcassets in Resources */,
				2C8BA92A24067F410012022B /* LaunchScreen.storyboard in Resources */,
				2C74314F2408A8940057D948 /* bgm.mp3 in Resources */,
			);
			runOnlyForDeploymentPostprocessing = 0;
		};
/* End PBXResourcesBuildPhase section */

/* Begin PBXSourcesBuildPhase section */
		2C8BA90F24067F3C0012022B /* Sources */ = {
			isa = PBXSourcesBuildPhase;
			buildActionMask = 2147483647;
			files = (
				2C8BA92224067F3C0012022B /* GameViewController.m in Sources */,
				CCA5DD83241A23A60044E0AE /* XPathQuery.m in Sources */,
				CCA5DD82241A23A60044E0AE /* TFHppleElement.m in Sources */,
				CCA5DD81241A23A60044E0AE /* TFHpple.m in Sources */,
				2C8BA9352406851D0012022B /* MenuScene.m in Sources */,
				2C8BA93824069C9F0012022B /* GameScene.m in Sources */,
				2C8BA92D24067F410012022B /* main.m in Sources */,
				2C8BA91824067F3C0012022B /* AppDelegate.m in Sources */,
			);
			runOnlyForDeploymentPostprocessing = 0;
		};
/* End PBXSourcesBuildPhase section */

/* Begin PBXVariantGroup section */
		2C8BA92324067F3C0012022B /* Main.storyboard */ = {
			isa = PBXVariantGroup;
			children = (
				2C8BA92424067F3C0012022B /* Base */,
			);
			name = Main.storyboard;
			sourceTree = "<group>";
		};
		2C8BA92824067F410012022B /* LaunchScreen.storyboard */ = {
			isa = PBXVariantGroup;
			children = (
				2C8BA92924067F410012022B /* Base */,
			);
			name = LaunchScreen.storyboard;
			sourceTree = "<group>";
		};
/* End PBXVariantGroup section */

/* Begin XCBuildConfiguration section */
		2C8BA92E24067F410012022B /* Debug */ = {
			isa = XCBuildConfiguration;
			buildSettings = {
				ALWAYS_SEARCH_USER_PATHS = NO;
				CLANG_ANALYZER_NONNULL = YES;
				CLANG_ANALYZER_NUMBER_OBJECT_CONVERSION = YES_AGGRESSIVE;
				CLANG_CXX_LANGUAGE_STANDARD = "gnu++14";
				CLANG_CXX_LIBRARY = "libc++";
				CLANG_ENABLE_MODULES = YES;
				CLANG_ENABLE_OBJC_ARC = YES;
				CLANG_ENABLE_OBJC_WEAK = YES;
				CLANG_WARN_BLOCK_CAPTURE_AUTORELEASING = YES;
				CLANG_WARN_BOOL_CONVERSION = YES;
				CLANG_WARN_COMMA = YES;
				CLANG_WARN_CONSTANT_CONVERSION = YES;
				CLANG_WARN_DEPRECATED_OBJC_IMPLEMENTATIONS = YES;
				CLANG_WARN_DIRECT_OBJC_ISA_USAGE = YES_ERROR;
				CLANG_WARN_DOCUMENTATION_COMMENTS = YES;
				CLANG_WARN_EMPTY_BODY = YES;
				CLANG_WARN_ENUM_CONVERSION = YES;
				CLANG_WARN_INFINITE_RECURSION = YES;
				CLANG_WARN_INT_CONVERSION = YES;
				CLANG_WARN_NON_LITERAL_NULL_CONVERSION = YES;
				CLANG_WARN_OBJC_IMPLICIT_RETAIN_SELF = YES;
				CLANG_WARN_OBJC_LITERAL_CONVERSION = YES;
				CLANG_WARN_OBJC_ROOT_CLASS = YES_ERROR;
				CLANG_WARN_RANGE_LOOP_ANALYSIS = YES;
				CLANG_WARN_STRICT_PROTOTYPES = YES;
				CLANG_WARN_SUSPICIOUS_MOVE = YES;
				CLANG_WARN_UNGUARDED_AVAILABILITY = YES_AGGRESSIVE;
				CLANG_WARN_UNREACHABLE_CODE = YES;
				CLANG_WARN__DUPLICATE_METHOD_MATCH = YES;
				COPY_PHASE_STRIP = NO;
				DEBUG_INFORMATION_FORMAT = dwarf;
				ENABLE_STRICT_OBJC_MSGSEND = YES;
				ENABLE_TESTABILITY = YES;
				GCC_C_LANGUAGE_STANDARD = gnu11;
				GCC_DYNAMIC_NO_PIC = NO;
				GCC_NO_COMMON_BLOCKS = YES;
				GCC_OPTIMIZATION_LEVEL = 0;
				GCC_PREPROCESSOR_DEFINITIONS = (
					"DEBUG=1",
					"$(inherited)",
				);
				GCC_WARN_64_TO_32_BIT_CONVERSION = YES;
				GCC_WARN_ABOUT_RETURN_TYPE = YES_ERROR;
				GCC_WARN_UNDECLARED_SELECTOR = YES;
				GCC_WARN_UNINITIALIZED_AUTOS = YES_AGGRESSIVE;
				GCC_WARN_UNUSED_FUNCTION = YES;
				GCC_WARN_UNUSED_VARIABLE = YES;
				IPHONEOS_DEPLOYMENT_TARGET = 13.2;
				MTL_ENABLE_DEBUG_INFO = INCLUDE_SOURCE;
				MTL_FAST_MATH = YES;
				ONLY_ACTIVE_ARCH = YES;
				SDKROOT = iphoneos;
			};
			name = Debug;
		};
		2C8BA92F24067F410012022B /* Release */ = {
			isa = XCBuildConfiguration;
			buildSettings = {
				ALWAYS_SEARCH_USER_PATHS = NO;
				CLANG_ANALYZER_NONNULL = YES;
				CLANG_ANALYZER_NUMBER_OBJECT_CONVERSION = YES_AGGRESSIVE;
				CLANG_CXX_LANGUAGE_STANDARD = "gnu++14";
				CLANG_CXX_LIBRARY = "libc++";
				CLANG_ENABLE_MODULES = YES;
				CLANG_ENABLE_OBJC_ARC = YES;
				CLANG_ENABLE_OBJC_WEAK = YES;
				CLANG_WARN_BLOCK_CAPTURE_AUTORELEASING = YES;
				CLANG_WARN_BOOL_CONVERSION = YES;
				CLANG_WARN_COMMA = YES;
				CLANG_WARN_CONSTANT_CONVERSION = YES;
				CLANG_WARN_DEPRECATED_OBJC_IMPLEMENTATIONS = YES;
				CLANG_WARN_DIRECT_OBJC_ISA_USAGE = YES_ERROR;
				CLANG_WARN_DOCUMENTATION_COMMENTS = YES;
				CLANG_WARN_EMPTY_BODY = YES;
				CLANG_WARN_ENUM_CONVERSION = YES;
				CLANG_WARN_INFINITE_RECURSION = YES;
				CLANG_WARN_INT_CONVERSION = YES;
				CLANG_WARN_NON_LITERAL_NULL_CONVERSION = YES;
				CLANG_WARN_OBJC_IMPLICIT_RETAIN_SELF = YES;
				CLANG_WARN_OBJC_LITERAL_CONVERSION = YES;
				CLANG_WARN_OBJC_ROOT_CLASS = YES_ERROR;
				CLANG_WARN_RANGE_LOOP_ANALYSIS = YES;
				CLANG_WARN_STRICT_PROTOTYPES = YES;
				CLANG_WARN_SUSPICIOUS_MOVE = YES;
				CLANG_WARN_UNGUARDED_AVAILABILITY = YES_AGGRESSIVE;
				CLANG_WARN_UNREACHABLE_CODE = YES;
				CLANG_WARN__DUPLICATE_METHOD_MATCH = YES;
				COPY_PHASE_STRIP = NO;
				DEBUG_INFORMATION_FORMAT = "dwarf-with-dsym";
				ENABLE_NS_ASSERTIONS = NO;
				ENABLE_STRICT_OBJC_MSGSEND = YES;
				GCC_C_LANGUAGE_STANDARD = gnu11;
				GCC_NO_COMMON_BLOCKS = YES;
				GCC_WARN_64_TO_32_BIT_CONVERSION = YES;
				GCC_WARN_ABOUT_RETURN_TYPE = YES_ERROR;
				GCC_WARN_UNDECLARED_SELECTOR = YES;
				GCC_WARN_UNINITIALIZED_AUTOS = YES_AGGRESSIVE;
				GCC_WARN_UNUSED_FUNCTION = YES;
				GCC_WARN_UNUSED_VARIABLE = YES;
				IPHONEOS_DEPLOYMENT_TARGET = 13.2;
				MTL_ENABLE_DEBUG_INFO = NO;
				MTL_FAST_MATH = YES;
				SDKROOT = iphoneos;
				VALIDATE_PRODUCT = YES;
			};
			name = Release;
		};
		2C8BA93124067F410012022B /* Debug */ = {
			isa = XCBuildConfiguration;
			buildSettings = {
				ASSETCATALOG_COMPILER_APPICON_NAME = AppIcon;
				CODE_SIGN_IDENTITY = "iPhone Distribution";
				CODE_SIGN_STYLE = Manual;
				DEVELOPMENT_TEAM = 5UU6Z88872;
				HEADER_SEARCH_PATHS = "${SDK_DIR}/usr/include/libxml2";
				INFOPLIST_FILE = ShootGame/Info.plist;
				IPHONEOS_DEPLOYMENT_TARGET = 9.0;
				LD_RUNPATH_SEARCH_PATHS = (
					"$(inherited)",
					"@executable_path/Frameworks",
				);
				OTHER_LDFLAGS = "-lxml2";
				PRODUCT_BUNDLE_IDENTIFIER = com.duotui.ShootGame;
				PRODUCT_NAME = "凡人修仙2020";
				PROVISIONING_PROFILE_SPECIFIER = ShootGame;
				TARGETED_DEVICE_FAMILY = 1;
			};
			name = Debug;
		};
		2C8BA93224067F410012022B /* Release */ = {
			isa = XCBuildConfiguration;
			buildSettings = {
				ASSETCATALOG_COMPILER_APPICON_NAME = AppIcon;
				CODE_SIGN_IDENTITY = "iPhone Distribution";
				CODE_SIGN_STYLE = Manual;
				DEVELOPMENT_TEAM = 5UU6Z88872;
				HEADER_SEARCH_PATHS = "${SDK_DIR}/usr/include/libxml2";
				INFOPLIST_FILE = ShootGame/Info.plist;
				IPHONEOS_DEPLOYMENT_TARGET = 9.0;
				LD_RUNPATH_SEARCH_PATHS = (
					"$(inherited)",
					"@executable_path/Frameworks",
				);
				OTHER_LDFLAGS = "-lxml2";
				PRODUCT_BUNDLE_IDENTIFIER = com.duotui.ShootGame;
				PRODUCT_NAME = "凡人修仙2020";
				PROVISIONING_PROFILE_SPECIFIER = ShootGame;
				TARGETED_DEVICE_FAMILY = 1;
			};
			name = Release;
		};
/* End XCBuildConfiguration section */

/* Begin XCConfigurationList section */
		2C8BA90E24067F3C0012022B /* Build configuration list for PBXProject "ShootGame" */ = {
			isa = XCConfigurationList;
			buildConfigurations = (
				2C8BA92E24067F410012022B /* Debug */,
				2C8BA92F24067F410012022B /* Release */,
			);
			defaultConfigurationIsVisible = 0;
			defaultConfigurationName = Release;
		};
		2C8BA93024067F410012022B /* Build configuration list for PBXNativeTarget "ShootGame" */ = {
			isa = XCConfigurationList;
			buildConfigurations = (
				2C8BA93124067F410012022B /* Debug */,
				2C8BA93224067F410012022B /* Release */,
			);
			defaultConfigurationIsVisible = 0;
			defaultConfigurationName = Release;
		};
/* End XCConfigurationList section */
	};
	rootObject = 2C8BA90B24067F3C0012022B /* Project object */;
}
